{
  "name": "qrcode-gen-app",
  "version": "0.0.1",
  "lockfileVersion": 1,
  "requires": true,
  "dependencies": {
    "adbkit": {
      "version": "2.11.0",
      "resolved": "https://registry.npmjs.org/adbkit/-/adbkit-2.11.0.tgz",
      "integrity": "sha512-j2vUhEeZmCiqBP+p77CpPWQTcT20rOmSmRHFUTZUwUpxzeCd3fXop4NAGYztSY9/FNU4bT/qqvYQ4EZKuCXhfA==",
      "requires": {
        "adbkit-logcat": "1.1.0",
        "adbkit-monkey": "1.0.1",
        "bluebird": "2.9.34",
        "commander": "2.12.1",
        "debug": "2.6.9",
        "node-forge": "0.7.1",
        "split": "0.3.3"
      }
    },
    "adbkit-logcat": {
      "version": "1.1.0",
      "resolved": "https://registry.npmjs.org/adbkit-logcat/-/adbkit-logcat-1.1.0.tgz",
      "integrity": "sha1-Adf5sM75CTowvLOwB+//MBUIli8="
    },
    "adbkit-monkey": {
      "version": "1.0.1",
      "resolved": "https://registry.npmjs.org/adbkit-monkey/-/adbkit-monkey-1.0.1.tgz",
      "integrity": "sha1-8pG+cBou/FZ6Y/x6pq/N7TFDC+E=",
      "requires": {
        "async": "0.2.10"
      }
    },
    "async": {
      "version": "0.2.10",
      "resolved": "https://registry.npmjs.org/async/-/async-0.2.10.tgz",
      "integrity": "sha1-trvgsGdLnXGXCMo43owjfLUmw9E="
    },
    "bluebird": {
      "version": "2.9.34",
      "resolved": "https://registry.npmjs.org/bluebird/-/bluebird-2.9.34.tgz",
      "integrity": "sha1-L3tOyAIWMoqf3evfacjUlC/v99g="
    },
    "commander": {
      "version": "2.12.1",
      "resolved": "https://registry.npmjs.org/commander/-/commander-2.12.1.tgz",
      "integrity": "sha512-PCNLExLlI5HiPdaJs4pMXwOTHkSCpNQ1QJH9ykZLKtKEyKu3p9HgmH5l97vM8c0IUz6d54l+xEu2GG9yuYrFzA=="
    },
    "debug": {
      "version": "2.6.9",
      "resolved": "https://registry.npmjs.org/debug/-/debug-2.6.9.tgz",
      "integrity": "sha512-bC7ElrdJaJnPbAP+1EotYvqZsb3ecl5wi6Bfi6BJTUcNowp6cvspg0jXznRTKDjm/E7AdgFBVeAPVMNcKGsHMA==",
      "requires": {
        "ms": "2.0.0"
      }
    },
    "eventemitter3": {
      "version": "1.2.0",
      "resolved": "https://registry.npmjs.org/eventemitter3/-/eventemitter3-1.2.0.tgz",
      "integrity": "sha1-HIaZHYFq0eUEdQ5zh0Ik7PO+xQg="
    },
    "http-proxy": {
      "version": "1.16.2",
      "resolved": "https://registry.npmjs.org/http-proxy/-/http-proxy-1.16.2.tgz",
      "integrity": "sha1-Bt/ykpUr9k2+hHH6nfcwZtTzd0I=",
      "requires": {
        "eventemitter3": "1.2.0",
        "requires-port": "1.0.0"
      }
    },
    "ms": {
      "version": "2.0.0",
      "resolved": "https://registry.npmjs.org/ms/-/ms-2.0.0.tgz",
      "integrity": "sha1-VgiurfwAvmwpAd9fmGF4jeDVl8g="
    },
    "node-forge": {
      "version": "0.7.1",
      "resolved": "https://registry.npmjs.org/node-forge/-/node-forge-0.7.1.tgz",
      "integrity": "sha1-naYR6giYL0uUIGs760zJZl8gwwA="
    },
    "requires-port": {
      "version": "1.0.0",
      "resolved": "https://registry.npmjs.org/requires-port/-/requires-port-1.0.0.tgz",
      "integrity": "sha1-kl0mAdOaxIXgkc8NpcbmlNw9yv8="
    },
    "split": {
      "version": "0.3.3",
      "resolved": "https://registry.npmjs.org/split/-/split-0.3.3.tgz",
      "integrity": "sha1-zQ7qXmOiEd//frDwkcQTPi0N0o8=",
      "requires": {
        "through": "2.3.8"
      }
    },
    "through": {
      "version": "2.3.8",
      "resolved": "https://registry.npmjs.org/through/-/through-2.3.8.tgz",
      "integrity": "sha1-DdTJ/6q8NXlgsbckEV1+Doai4fU="
    }
  }
}
